// !$*UTF8*$!
{
	archiveVersion = 1;
	classes = {
	};
	objectVersion = 56;
	objects = {

/* Begin PBXBuildFile section */
		3DF4E75B2A3B652600DDE3BF /* AppDelegate.swift in Sources */ = {isa = PBXBuildFile; fileRef = 3DF4E75A2A3B652600DDE3BF /* AppDelegate.swift */; };
		3DF4E75D2A3B652600DDE3BF /* SceneDelegate.swift in Sources */ = {isa = PBXBuildFile; fileRef = 3DF4E75C2A3B652600DDE3BF /* SceneDelegate.swift */; };
		3DF4E75F2A3B652600DDE3BF /* ViewController.swift in Sources */ = {isa = PBXBuildFile; fileRef = 3DF4E75E2A3B652600DDE3BF /* ViewController.swift */; };
		3DF4E7622A3B652600DDE3BF /* Main.storyboard in Resources */ = {isa = PBXBuildFile; fileRef = 3DF4E7602A3B652600DDE3BF /* Main.storyboard */; };
		3DF4E7642A3B652700DDE3BF /* Assets.xcassets in Resources */ = {isa = PBXBuildFile; fileRef = 3DF4E7632A3B652700DDE3BF /* Assets.xcassets */; };
		3DF4E7672A3B652700DDE3BF /* LaunchScreen.storyboard in Resources */ = {isa = PBXBuildFile; fileRef = 3DF4E7652A3B652700DDE3BF /* LaunchScreen.storyboard */; };
		3DF4E7722A3B652700DDE3BF /* PhotoAppTests.swift in Sources */ = {isa = PBXBuildFile; fileRef = 3DF4E7712A3B652700DDE3BF /* PhotoAppTests.swift */; };
		3DF4E77C2A3B652700DDE3BF /* PhotoAppUITests.swift in Sources */ = {isa = PBXBuildFile; fileRef = 3DF4E77B2A3B652700DDE3BF /* PhotoAppUITests.swift */; };
		3DF4E77E2A3B652700DDE3BF /* PhotoAppUITestsLaunchTests.swift in Sources */ = {isa = PBXBuildFile; fileRef = 3DF4E77D2A3B652700DDE3BF /* PhotoAppUITestsLaunchTests.swift */; };
/* End PBXBuildFile section */

/* Begin PBXContainerItemProxy section */
		3DF4E76E2A3B652700DDE3BF /* PBXContainerItemProxy */ = {
			isa = PBXContainerItemProxy;
			containerPortal = 3DF4E74F2A3B652600DDE3BF /* Project object */;
			proxyType = 1;
			remoteGlobalIDString = 3DF4E7562A3B652600DDE3BF;
			remoteInfo = PhotoApp;
		};
		3DF4E7782A3B652700DDE3BF /* PBXContainerItemProxy */ = {
			isa = PBXContainerItemProxy;
			containerPortal = 3DF4E74F2A3B652600DDE3BF /* Project object */;
			proxyType = 1;
			remoteGlobalIDString = 3DF4E7562A3B652600DDE3BF;
			remoteInfo = PhotoApp;
		};
/* End PBXContainerItemProxy section */

/* Begin PBXFileReference section */
		3DF4E7572A3B652600DDE3BF /* PhotoApp.app */ = {isa = PBXFileReference; explicitFileType = wrapper.application; includeInIndex = 0; path = PhotoApp.app; sourceTree = BUILT_PRODUCTS_DIR; };
		3DF4E75A2A3B652600DDE3BF /* AppDelegate.swift */ = {isa = PBXFileReference; lastKnownFileType = sourcecode.swift; path = AppDelegate.swift; sourceTree = "<group>"; };
		3DF4E75C2A3B652600DDE3BF /* SceneDelegate.swift */ = {isa = PBXFileReference; lastKnownFileType = sourcecode.swift; path = SceneDelegate.swift; sourceTree = "<group>"; };
		3DF4E75E2A3B652600DDE3BF /* ViewController.swift */ = {isa = PBXFileReference; lastKnownFileType = sourcecode.swift; path = ViewController.swift; sourceTree = "<group>"; };
		3DF4E7612A3B652600DDE3BF /* Base */ = {isa = PBXFileReference; lastKnownFileType = file.storyboard; name = Base; path = Base.lproj/Main.storyboard; sourceTree = "<group>"; };
		3DF4E7632A3B652700DDE3BF /* Assets.xcassets */ = {isa = PBXFileReference; lastKnownFileType = folder.assetcatalog; path = Assets.xcassets; sourceTree = "<group>"; };
		3DF4E7662A3B652700DDE3BF /* Base */ = {isa = PBXFileReference; lastKnownFileType = file.storyboard; name = Base; path = Base.lproj/LaunchScreen.storyboard; sourceTree = "<group>"; };
		3DF4E7682A3B652700DDE3BF /* Info.plist */ = {isa = PBXFileReference; lastKnownFileType = text.plist.xml; path = Info.plist; sourceTree = "<group>"; };
		3DF4E76D2A3B652700DDE3BF /* PhotoAppTests.xctest */ = {isa = PBXFileReference; explicitFileType = wrapper.cfbundle; includeInIndex = 0; path = PhotoAppTests.xctest; sourceTree = BUILT_PRODUCTS_DIR; };
		3DF4E7712A3B652700DDE3BF /* PhotoAppTests.swift */ = {isa = PBXFileReference; lastKnownFileType = sourcecode.swift; path = PhotoAppTests.swift; sourceTree = "<group>"; };
		3DF4E7772A3B652700DDE3BF /* PhotoAppUITests.xctest */ = {isa = PBXFileReference; explicitFileType = wrapper.cfbundle; includeInIndex = 0; path = PhotoAppUITests.xctest; sourceTree = BUILT_PRODUCTS_DIR; };
		3DF4E77B2A3B652700DDE3BF /* PhotoAppUITests.swift */ = {isa = PBXFileReference; lastKnownFileType = sourcecode.swift; path = PhotoAppUITests.swift; sourceTree = "<group>"; };
		3DF4E77D2A3B652700DDE3BF /* PhotoAppUITestsLaunchTests.swift */ = {isa = PBXFileReference; lastKnownFileType = sourcecode.swift; path = PhotoAppUITestsLaunchTests.swift; sourceTree = "<group>"; };
/* End PBXFileReference section */

/* Begin PBXFrameworksBuildPhase section */
		3DF4E7542A3B652600DDE3BF /* Frameworks */ = {
			isa = PBXFrameworksBuildPhase;
			buildActionMask = 2147483647;
			files = (
			);
			runOnlyForDeploymentPostprocessing = 0;
		};
		3DF4E76A2A3B652700DDE3BF /* Frameworks */ = {
			isa = PBXFrameworksBuildPhase;
			buildActionMask = 2147483647;
			files = (
			);
			runOnlyForDeploymentPostprocessing = 0;
		};
		3DF4E7742A3B652700DDE3BF /* Frameworks */ = {
			isa = PBXFrameworksBuildPhase;
			buildActionMask = 2147483647;
			files = (
			);
			runOnlyForDeploymentPostprocessing = 0;
		};
/* End PBXFrameworksBuildPhase section */

/* Begin PBXGroup section */
		3DF4E74E2A3B652600DDE3BF = {
			isa = PBXGroup;
			children = (
				3DF4E7592A3B652600DDE3BF /* PhotoApp */,
				3DF4E7702A3B652700DDE3BF /* PhotoAppTests */,
				3DF4E77A2A3B652700DDE3BF /* PhotoAppUITests */,
				3DF4E7582A3B652600DDE3BF /* Products */,
			);
			sourceTree = "<group>";
		};
		3DF4E7582A3B652600DDE3BF /* Products */ = {
			isa = PBXGroup;
			children = (
				3DF4E7572A3B652600DDE3BF /* PhotoApp.app */,
				3DF4E76D2A3B652700DDE3BF /* PhotoAppTests.xctest */,
				3DF4E7772A3B652700DDE3BF /* PhotoAppUITests.xctest */,
			);
			name = Products;
			sourceTree = "<group>";
		};
		3DF4E7592A3B652600DDE3BF /* PhotoApp */ = {
			isa = PBXGroup;
			children = (
				3DF4E75A2A3B652600DDE3BF /* AppDelegate.swift */,
				3DF4E75C2A3B652600DDE3BF /* SceneDelegate.swift */,
				3DF4E75E2A3B652600DDE3BF /* ViewController.swift */,
				3DF4E7602A3B652600DDE3BF /* Main.storyboard */,
				3DF4E7632A3B652700DDE3BF /* Assets.xcassets */,
				3DF4E7652A3B652700DDE3BF /* LaunchScreen.storyboard */,
				3DF4E7682A3B652700DDE3BF /* Info.plist */,
			);
			path = PhotoApp;
			sourceTree = "<group>";
		};
		3DF4E7702A3B652700DDE3BF /* PhotoAppTests */ = {
			isa = PBXGroup;
			children = (
				3DF4E7712A3B652700DDE3BF /* PhotoAppTests.swift */,
			);
			path = PhotoAppTests;
			sourceTree = "<group>";
		};
		3DF4E77A2A3B652700DDE3BF /* PhotoAppUITests */ = {
			isa = PBXGroup;
			children = (
				3DF4E77B2A3B652700DDE3BF /* PhotoAppUITests.swift */,
				3DF4E77D2A3B652700DDE3BF /* PhotoAppUITestsLaunchTests.swift */,
			);
			path = PhotoAppUITests;
			sourceTree = "<group>";
		};
/* End PBXGroup section */

/* Begin PBXNativeTarget section */
		3DF4E7562A3B652600DDE3BF /* PhotoApp */ = {
			isa = PBXNativeTarget;
			buildConfigurationList = 3DF4E7812A3B652700DDE3BF /* Build configuration list for PBXNativeTarget "PhotoApp" */;
			buildPhases = (
				3DF4E7532A3B652600DDE3BF /* Sources */,
				3DF4E7542A3B652600DDE3BF /* Frameworks */,
				3DF4E7552A3B652600DDE3BF /* Resources */,
			);
			buildRules = (
			);
			dependencies = (
			);
			name = PhotoApp;
			productName = PhotoApp;
			productReference = 3DF4E7572A3B652600DDE3BF /* PhotoApp.app */;
			productType = "com.apple.product-type.application";
		};
		3DF4E76C2A3B652700DDE3BF /* PhotoAppTests */ = {
			isa = PBXNativeTarget;
			buildConfigurationList = 3DF4E7842A3B652700DDE3BF /* Build configuration list for PBXNativeTarget "PhotoAppTests" */;
			buildPhases = (
				3DF4E7692A3B652700DDE3BF /* Sources */,
				3DF4E76A2A3B652700DDE3BF /* Frameworks */,
				3DF4E76B2A3B652700DDE3BF /* Resources */,
			);
			buildRules = (
			);
			dependencies = (
				3DF4E76F2A3B652700DDE3BF /* PBXTargetDependency */,
			);
			name = PhotoAppTests;
			productName = PhotoAppTests;
			productReference = 3DF4E76D2A3B652700DDE3BF /* PhotoAppTests.xctest */;
			productType = "com.apple.product-type.bundle.unit-test";
		};
		3DF4E7762A3B652700DDE3BF /* PhotoAppUITests */ = {
			isa = PBXNativeTarget;
			buildConfigurationList = 3DF4E7872A3B652700DDE3BF /* Build configuration list for PBXNativeTarget "PhotoAppUITests" */;
			buildPhases = (
				3DF4E7732A3B652700DDE3BF /* Sources */,
				3DF4E7742A3B652700DDE3BF /* Frameworks */,
				3DF4E7752A3B652700DDE3BF /* Resources */,
			);
			buildRules = (
			);
			dependencies = (
				3DF4E7792A3B652700DDE3BF /* PBXTargetDependency */,
			);
			name = PhotoAppUITests;
			productName = PhotoAppUITests;
			productReference = 3DF4E7772A3B652700DDE3BF /* PhotoAppUITests.xctest */;
			productType = "com.apple.product-type.bundle.ui-testing";
		};
/* End PBXNativeTarget section */

/* Begin PBXProject section */
		3DF4E74F2A3B652600DDE3BF /* Project object */ = {
			isa = PBXProject;
			attributes = {
				BuildIndependentTargetsInParallel = 1;
				LastSwiftUpdateCheck = 1500;
				LastUpgradeCheck = 1500;
				TargetAttributes = {
					3DF4E7562A3B652600DDE3BF = {
						CreatedOnToolsVersion = 15.0;
					};
					3DF4E76C2A3B652700DDE3BF = {
						CreatedOnToolsVersion = 15.0;
						TestTargetID = 3DF4E7562A3B652600DDE3BF;
					};
					3DF4E7762A3B652700DDE3BF = {
						CreatedOnToolsVersion = 15.0;
						TestTargetID = 3DF4E7562A3B652600DDE3BF;
					};
				};
			};
			buildConfigurationList = 3DF4E7522A3B652600DDE3BF /* Build configuration list for PBXProject "PhotoApp" */;
			compatibilityVersion = "Xcode 14.0";
			developmentRegion = en;
			hasScannedForEncodings = 0;
			knownRegions = (
				en,
				Base,
			);
			mainGroup = 3DF4E74E2A3B652600DDE3BF;
			productRefGroup = 3DF4E7582A3B652600DDE3BF /* Products */;
			projectDirPath = "";
			projectRoot = "";
			targets = (
				3DF4E7562A3B652600DDE3BF /* PhotoApp */,
				3DF4E76C2A3B652700DDE3BF /* PhotoAppTests */,
				3DF4E7762A3B652700DDE3BF /* PhotoAppUITests */,
			);
		};
/* End PBXProject section */

/* Begin PBXResourcesBuildPhase section */
		3DF4E7552A3B652600DDE3BF /* Resources */ = {
			isa = PBXResourcesBuildPhase;
			buildActionMask = 2147483647;
			files = (
				3DF4E7672A3B652700DDE3BF /* LaunchScreen.storyboard in Resources */,
				3DF4E7642A3B652700DDE3BF /* Assets.xcassets in Resources */,
				3DF4E7622A3B652600DDE3BF /* Main.storyboard in Resources */,
			);
			runOnlyForDeploymentPostprocessing = 0;
		};
		3DF4E76B2A3B652700DDE3BF /* Resources */ = {
			isa = PBXResourcesBuildPhase;
			buildActionMask = 2147483647;
			files = (
			);
			runOnlyForDeploymentPostprocessing = 0;
		};
		3DF4E7752A3B652700DDE3BF /* Resources */ = {
			isa = PBXResourcesBuildPhase;
			buildActionMask = 2147483647;
			files = (
			);
			runOnlyForDeploymentPostprocessing = 0;
		};
/* End PBXResourcesBuildPhase section */

/* Begin PBXSourcesBuildPhase section */
		3DF4E7532A3B652600DDE3BF /* Sources */ = {
			isa = PBXSourcesBuildPhase;
			buildActionMask = 2147483647;
			files = (
				3DF4E75F2A3B652600DDE3BF /* ViewController.swift in Sources */,
				3DF4E75B2A3B652600DDE3BF /* AppDelegate.swift in Sources */,
				3DF4E75D2A3B652600DDE3BF /* SceneDelegate.swift in Sources */,
			);
			runOnlyForDeploymentPostprocessing = 0;
		};
		3DF4E7692A3B652700DDE3BF /* Sources */ = {
			isa = PBXSourcesBuildPhase;
			buildActionMask = 2147483647;
			files = (
				3DF4E7722A3B652700DDE3BF /* PhotoAppTests.swift in Sources */,
			);
			runOnlyForDeploymentPostprocessing = 0;
		};
		3DF4E7732A3B652700DDE3BF /* Sources */ = {
			isa = PBXSourcesBuildPhase;
			buildActionMask = 2147483647;
			files = (
				3DF4E77E2A3B652700DDE3BF /* PhotoAppUITestsLaunchTests.swift in Sources */,
				3DF4E77C2A3B652700DDE3BF /* PhotoAppUITests.swift in Sources */,
			);
			runOnlyForDeploymentPostprocessing = 0;
		};
/* End PBXSourcesBuildPhase section */

/* Begin PBXTargetDependency section */
		3DF4E76F2A3B652700DDE3BF /* PBXTargetDependency */ = {
			isa = PBXTargetDependency;
			target = 3DF4E7562A3B652600DDE3BF /* PhotoApp */;
			targetProxy = 3DF4E76E2A3B652700DDE3BF /* PBXContainerItemProxy */;
		};
		3DF4E7792A3B652700DDE3BF /* PBXTargetDependency */ = {
			isa = PBXTargetDependency;
			target = 3DF4E7562A3B652600DDE3BF /* PhotoApp */;
			targetProxy = 3DF4E7782A3B652700DDE3BF /* PBXContainerItemProxy */;
		};
/* End PBXTargetDependency section */

/* Begin PBXVariantGroup section */
		3DF4E7602A3B652600DDE3BF /* Main.storyboard */ = {
			isa = PBXVariantGroup;
			children = (
				3DF4E7612A3B652600DDE3BF /* Base */,
			);
			name = Main.storyboard;
			sourceTree = "<group>";
		};
		3DF4E7652A3B652700DDE3BF /* LaunchScreen.storyboard */ = {
			isa = PBXVariantGroup;
			children = (
				3DF4E7662A3B652700DDE3BF /* Base */,
			);
			name = LaunchScreen.storyboard;
			sourceTree = "<group>";
		};
/* End PBXVariantGroup section */

/* Begin XCBuildConfiguration section */
		3DF4E77F2A3B652700DDE3BF /* Debug */ = {
			isa = XCBuildConfiguration;
			buildSettings = {
				ALWAYS_SEARCH_USER_PATHS = NO;
				ASSETCATALOG_COMPILER_GENERATE_SWIFT_ASSET_SYMBOL_EXTENSIONS = YES;
				CLANG_ANALYZER_NONNULL = YES;
				CLANG_ANALYZER_NUMBER_OBJECT_CONVERSION = YES_AGGRESSIVE;
				CLANG_CXX_LANGUAGE_STANDARD = "gnu++20";
				CLANG_ENABLE_MODULES = YES;
				CLANG_ENABLE_OBJC_ARC = YES;
				CLANG_ENABLE_OBJC_WEAK = YES;
				CLANG_WARN_BLOCK_CAPTURE_AUTORELEASING = YES;
				CLANG_WARN_BOOL_CONVERSION = YES;
				CLANG_WARN_COMMA = YES;
				CLANG_WARN_CONSTANT_CONVERSION = YES;
				CLANG_WARN_DEPRECATED_OBJC_IMPLEMENTATIONS = YES;
				CLANG_WARN_DIRECT_OBJC_ISA_USAGE = YES_ERROR;
				CLANG_WARN_DOCUMENTATION_COMMENTS = YES;
				CLANG_WARN_EMPTY_BODY = YES;
				CLANG_WARN_ENUM_CONVERSION = YES;
				CLANG_WARN_INFINITE_RECURSION = YES;
				CLANG_WARN_INT_CONVERSION = YES;
				CLANG_WARN_NON_LITERAL_NULL_CONVERSION = YES;
				CLANG_WARN_OBJC_IMPLICIT_RETAIN_SELF = YES;
				CLANG_WARN_OBJC_LITERAL_CONVERSION = YES;
				CLANG_WARN_OBJC_ROOT_CLASS = YES_ERROR;
				CLANG_WARN_QUOTED_INCLUDE_IN_FRAMEWORK_HEADER = YES;
				CLANG_WARN_RANGE_LOOP_ANALYSIS = YES;
				CLANG_WARN_STRICT_PROTOTYPES = YES;
				CLANG_WARN_SUSPICIOUS_MOVE = YES;
				CLANG_WARN_UNGUARDED_AVAILABILITY = YES_AGGRESSIVE;
				CLANG_WARN_UNREACHABLE_CODE = YES;
				CLANG_WARN__DUPLICATE_METHOD_MATCH = YES;
				COPY_PHASE_STRIP = NO;
				DEBUG_INFORMATION_FORMAT = dwarf;
				ENABLE_STRICT_OBJC_MSGSEND = YES;
				ENABLE_TESTABILITY = YES;
				ENABLE_USER_SCRIPT_SANDBOXING = YES;
				GCC_C_LANGUAGE_STANDARD = gnu17;
				GCC_DYNAMIC_NO_PIC = NO;
				GCC_NO_COMMON_BLOCKS = YES;
				GCC_OPTIMIZATION_LEVEL = 0;
				GCC_PREPROCESSOR_DEFINITIONS = (
					"DEBUG=1",
					"$(inherited)",
				);
				GCC_WARN_64_TO_32_BIT_CONVERSION = YES;
				GCC_WARN_ABOUT_RETURN_TYPE = YES_ERROR;
				GCC_WARN_UNDECLARED_SELECTOR = YES;
				GCC_WARN_UNINITIALIZED_AUTOS = YES_AGGRESSIVE;
				GCC_WARN_UNUSED_FUNCTION = YES;
				GCC_WARN_UNUSED_VARIABLE = YES;
				IPHONEOS_DEPLOYMENT_TARGET = 17.0;
				LOCALIZATION_PREFERS_STRING_CATALOGS = YES;
				MTL_ENABLE_DEBUG_INFO = INCLUDE_SOURCE;
				MTL_FAST_MATH = YES;
				ONLY_ACTIVE_ARCH = YES;
				SDKROOT = iphoneos;
				SWIFT_ACTIVE_COMPILATION_CONDITIONS = "DEBUG $(inherited)";
				SWIFT_OPTIMIZATION_LEVEL = "-Onone";
			};
			name = Debug;
		};
		3DF4E7802A3B652700DDE3BF /* Release */ = {
			isa = XCBuildConfiguration;
			buildSettings = {
				ALWAYS_SEARCH_USER_PATHS = NO;
				ASSETCATALOG_COMPILER_GENERATE_SWIFT_ASSET_SYMBOL_EXTENSIONS = YES;
				CLANG_ANALYZER_NONNULL = YES;
				CLANG_ANALYZER_NUMBER_OBJECT_CONVERSION = YES_AGGRESSIVE;
				CLANG_CXX_LANGUAGE_STANDARD = "gnu++20";
				CLANG_ENABLE_MODULES = YES;
				CLANG_ENABLE_OBJC_ARC = YES;
				CLANG_ENABLE_OBJC_WEAK = YES;
				CLANG_WARN_BLOCK_CAPTURE_AUTORELEASING = YES;
				CLANG_WARN_BOOL_CONVERSION = YES;
				CLANG_WARN_COMMA = YES;
				CLANG_WARN_CONSTANT_CONVERSION = YES;
				CLANG_WARN_DEPRECATED_OBJC_IMPLEMENTATIONS = YES;
				CLANG_WARN_DIRECT_OBJC_ISA_USAGE = YES_ERROR;
				CLANG_WARN_DOCUMENTATION_COMMENTS = YES;
				CLANG_WARN_EMPTY_BODY = YES;
				CLANG_WARN_ENUM_CONVERSION = YES;
				CLANG_WARN_INFINITE_RECURSION = YES;
				CLANG_WARN_INT_CONVERSION = YES;
				CLANG_WARN_NON_LITERAL_NULL_CONVERSION = YES;
				CLANG_WARN_OBJC_IMPLICIT_RETAIN_SELF = YES;
				CLANG_WARN_OBJC_LITERAL_CONVERSION = YES;
				CLANG_WARN_OBJC_ROOT_CLASS = YES_ERROR;
				CLANG_WARN_QUOTED_INCLUDE_IN_FRAMEWORK_HEADER = YES;
				CLANG_WARN_RANGE_LOOP_ANALYSIS = YES;
				CLANG_WARN_STRICT_PROTOTYPES = YES;
				CLANG_WARN_SUSPICIOUS_MOVE = YES;
				CLANG_WARN_UNGUARDED_AVAILABILITY = YES_AGGRESSIVE;
				CLANG_WARN_UNREACHABLE_CODE = YES;
				CLANG_WARN__DUPLICATE_METHOD_MATCH = YES;
				COPY_PHASE_STRIP = NO;
				DEBUG_INFORMATION_FORMAT = "dwarf-with-dsym";
				ENABLE_NS_ASSERTIONS = NO;
				ENABLE_STRICT_OBJC_MSGSEND = YES;
				ENABLE_USER_SCRIPT_SANDBOXING = YES;
				GCC_C_LANGUAGE_STANDARD = gnu17;
				GCC_NO_COMMON_BLOCKS = YES;
				GCC_WARN_64_TO_32_BIT_CONVERSION = YES;
				GCC_WARN_ABOUT_RETURN_TYPE = YES_ERROR;
				GCC_WARN_UNDECLARED_SELECTOR = YES;
				GCC_WARN_UNINITIALIZED_AUTOS = YES_AGGRESSIVE;
				GCC_WARN_UNUSED_FUNCTION = YES;
				GCC_WARN_UNUSED_VARIABLE = YES;
				IPHONEOS_DEPLOYMENT_TARGET = 17.0;
				LOCALIZATION_PREFERS_STRING_CATALOGS = YES;
				MTL_ENABLE_DEBUG_INFO = NO;
				MTL_FAST_MATH = YES;
				SDKROOT = iphoneos;
				SWIFT_COMPILATION_MODE = wholemodule;
				VALIDATE_PRODUCT = YES;
			};
			name = Release;
		};
		3DF4E7822A3B652700DDE3BF /* Debug */ = {
			isa = XCBuildConfiguration;
			buildSettings = {
				ASSETCATALOG_COMPILER_APPICON_NAME = AppIcon;
				ASSETCATALOG_COMPILER_GLOBAL_ACCENT_COLOR_NAME = AccentColor;
				CODE_SIGN_STYLE = Automatic;
				CURRENT_PROJECT_VERSION = 1;
				DEVELOPMENT_TEAM = WC362J72KA;
				GENERATE_INFOPLIST_FILE = YES;
				INFOPLIST_FILE = PhotoApp/Info.plist;
				INFOPLIST_KEY_UIApplicationSupportsIndirectInputEvents = YES;
				INFOPLIST_KEY_UILaunchStoryboardName = LaunchScreen;
				INFOPLIST_KEY_UIMainStoryboardFile = Main;
				INFOPLIST_KEY_UISupportedInterfaceOrientations = UIInterfaceOrientationPortrait;
				LD_RUNPATH_SEARCH_PATHS = (
					"$(inherited)",
					"@executable_path/Frameworks",
				);
				MARKETING_VERSION = 1.0;
				PRODUCT_BUNDLE_IDENTIFIER = ca.bytesizedsoftware.PhotoApp;
				PRODUCT_NAME = "$(TARGET_NAME)";
				SUPPORTED_PLATFORMS = "iphoneos iphonesimulator";
				SUPPORTS_MACCATALYST = NO;
				SUPPORTS_MAC_DESIGNED_FOR_IPHONE_IPAD = NO;
				SWIFT_EMIT_LOC_STRINGS = YES;
				SWIFT_VERSION = 5.0;
				TARGETED_DEVICE_FAMILY = 1;
			};
			name = Debug;
		};
		3DF4E7832A3B652700DDE3BF /* Release */ = {
			isa = XCBuildConfiguration;
			buildSettings = {
				ASSETCATALOG_COMPILER_APPICON_NAME = AppIcon;
				ASSETCATALOG_COMPILER_GLOBAL_ACCENT_COLOR_NAME = AccentColor;
				CODE_SIGN_STYLE = Automatic;
				CURRENT_PROJECT_VERSION = 1;
				DEVELOPMENT_TEAM = WC362J72KA;
				GENERATE_INFOPLIST_FILE = YES;
				INFOPLIST_FILE = PhotoApp/Info.plist;
				INFOPLIST_KEY_UIApplicationSupportsIndirectInputEvents = YES;
				INFOPLIST_KEY_UILaunchStoryboardName = LaunchScreen;
				INFOPLIST_KEY_UIMainStoryboardFile = Main;
				INFOPLIST_KEY_UISupportedInterfaceOrientations = UIInterfaceOrientationPortrait;
				LD_RUNPATH_SEARCH_PATHS = (
					"$(inherited)",
					"@executable_path/Frameworks",
				);
				MARKETING_VERSION = 1.0;
				PRODUCT_BUNDLE_IDENTIFIER = ca.bytesizedsoftware.PhotoApp;
				PRODUCT_NAME = "$(TARGET_NAME)";
				SUPPORTED_PLATFORMS = "iphoneos iphonesimulator";
				SUPPORTS_MACCATALYST = NO;
				SUPPORTS_MAC_DESIGNED_FOR_IPHONE_IPAD = NO;
				SWIFT_EMIT_LOC_STRINGS = YES;
				SWIFT_VERSION = 5.0;
				TARGETED_DEVICE_FAMILY = 1;
			};
			name = Release;
		};
		3DF4E7852A3B652700DDE3BF /* Debug */ = {
			isa = XCBuildConfiguration;
			buildSettings = {
				ALWAYS_EMBED_SWIFT_STANDARD_LIBRARIES = YES;
				BUNDLE_LOADER = "$(TEST_HOST)";
				CODE_SIGN_STYLE = Automatic;
				CURRENT_PROJECT_VERSION = 1;
				DEVELOPMENT_TEAM = WC362J72KA;
				GENERATE_INFOPLIST_FILE = YES;
				IPHONEOS_DEPLOYMENT_TARGET = 17.0;
				MARKETING_VERSION = 1.0;
				PRODUCT_BUNDLE_IDENTIFIER = ca.bytesizedsoftware.PhotoAppTests;
				PRODUCT_NAME = "$(TARGET_NAME)";
				SWIFT_EMIT_LOC_STRINGS = NO;
				SWIFT_VERSION = 5.0;
				TARGETED_DEVICE_FAMILY = "1,2";
				TEST_HOST = "$(BUILT_PRODUCTS_DIR)/PhotoApp.app/$(BUNDLE_EXECUTABLE_FOLDER_PATH)/PhotoApp";
			};
			name = Debug;
		};
		3DF4E7862A3B652700DDE3BF /* Release */ = {
			isa = XCBuildConfiguration;
			buildSettings = {
				ALWAYS_EMBED_SWIFT_STANDARD_LIBRARIES = YES;
				BUNDLE_LOADER = "$(TEST_HOST)";
				CODE_SIGN_STYLE = Automatic;
				CURRENT_PROJECT_VERSION = 1;
				DEVELOPMENT_TEAM = WC362J72KA;
				GENERATE_INFOPLIST_FILE = YES;
				IPHONEOS_DEPLOYMENT_TARGET = 17.0;
				MARKETING_VERSION = 1.0;
				PRODUCT_BUNDLE_IDENTIFIER = ca.bytesizedsoftware.PhotoAppTests;
				PRODUCT_NAME = "$(TARGET_NAME)";
				SWIFT_EMIT_LOC_STRINGS = NO;
				SWIFT_VERSION = 5.0;
				TARGETED_DEVICE_FAMILY = "1,2";
				TEST_HOST = "$(BUILT_PRODUCTS_DIR)/PhotoApp.app/$(BUNDLE_EXECUTABLE_FOLDER_PATH)/PhotoApp";
			};
			name = Release;
		};
		3DF4E7882A3B652700DDE3BF /* Debug */ = {
			isa = XCBuildConfiguration;
			buildSettings = {
				ALWAYS_EMBED_SWIFT_STANDARD_LIBRARIES = YES;
				CODE_SIGN_STYLE = Automatic;
				CURRENT_PROJECT_VERSION = 1;
				DEVELOPMENT_TEAM = WC362J72KA;
				GENERATE_INFOPLIST_FILE = YES;
				MARKETING_VERSION = 1.0;
				PRODUCT_BUNDLE_IDENTIFIER = ca.bytesizedsoftware.PhotoAppUITests;
				PRODUCT_NAME = "$(TARGET_NAME)";
				SWIFT_EMIT_LOC_STRINGS = NO;
				SWIFT_VERSION = 5.0;
				TARGETED_DEVICE_FAMILY = "1,2";
				TEST_TARGET_NAME = PhotoApp;
			};
			name = Debug;
		};
		3DF4E7892A3B652700DDE3BF /* Release */ = {
			isa = XCBuildConfiguration;
			buildSettings = {
				ALWAYS_EMBED_SWIFT_STANDARD_LIBRARIES = YES;
				CODE_SIGN_STYLE = Automatic;
				CURRENT_PROJECT_VERSION = 1;
				DEVELOPMENT_TEAM = WC362J72KA;
				GENERATE_INFOPLIST_FILE = YES;
				MARKETING_VERSION = 1.0;
				PRODUCT_BUNDLE_IDENTIFIER = ca.bytesizedsoftware.PhotoAppUITests;
				PRODUCT_NAME = "$(TARGET_NAME)";
				SWIFT_EMIT_LOC_STRINGS = NO;
				SWIFT_VERSION = 5.0;
				TARGETED_DEVICE_FAMILY = "1,2";
				TEST_TARGET_NAME = PhotoApp;
			};
			name = Release;
		};
/* End XCBuildConfiguration section */

/* Begin XCConfigurationList section */
		3DF4E7522A3B652600DDE3BF /* Build configuration list for PBXProject "PhotoApp" */ = {
			isa = XCConfigurationList;
			buildConfigurations = (
				3DF4E77F2A3B652700DDE3BF /* Debug */,
				3DF4E7802A3B652700DDE3BF /* Release */,
			);
			defaultConfigurationIsVisible = 0;
			defaultConfigurationName = Release;
		};
		3DF4E7812A3B652700DDE3BF /* Build configuration list for PBXNativeTarget "PhotoApp" */ = {
			isa = XCConfigurationList;
			buildConfigurations = (
				3DF4E7822A3B652700DDE3BF /* Debug */,
				3DF4E7832A3B652700DDE3BF /* Release */,
			);
			defaultConfigurationIsVisible = 0;
			defaultConfigurationName = Release;
		};
		3DF4E7842A3B652700DDE3BF /* Build configuration list for PBXNativeTarget "PhotoAppTests" */ = {
			isa = XCConfigurationList;
			buildConfigurations = (
				3DF4E7852A3B652700DDE3BF /* Debug */,
				3DF4E7862A3B652700DDE3BF /* Release */,
			);
			defaultConfigurationIsVisible = 0;
			defaultConfigurationName = Release;
		};
		3DF4E7872A3B652700DDE3BF /* Build configuration list for PBXNativeTarget "PhotoAppUITests" */ = {
			isa = XCConfigurationList;
			buildConfigurations = (
				3DF4E7882A3B652700DDE3BF /* Debug */,
				3DF4E7892A3B652700DDE3BF /* Release */,
			);
			defaultConfigurationIsVisible = 0;
			defaultConfigurationName = Release;
		};
/* End XCConfigurationList section */
	};
	rootObject = 3DF4E74F2A3B652600DDE3BF /* Project object */;
}
